<Solution>
  <Project Path="BatchRenamer.ConsoleApp/BatchRenamer.ConsoleApp.csproj" />
  <Project Path="BatchRenamer.Core/BatchRenamer.Core.csproj" />
  <Project Path="BatchRenamer.Tests/BatchRenamer.Tests.csproj" />
  <Project Path="BatchRenamer.ViewModels/BatchRenamer.ViewModels.csproj" />
</Solution>
